
Microsoft Visual Studio Solution File, Format Version 12.00
# Visual Studio Version 17
VisualStudioVersion = 17.8.34316.72
MinimumVisualStudioVersion = 10.0.40219.1
Project("{9A19103F-16F7-4668-BE54-9A1E7A4F7556}") = "BlazerProject", "BlazerProject.csproj", "{48591BA9-F47E-4F78-A1EA-A675F7DE4147}"
EndProject
Global
	GlobalSection(SolutionConfigurationPlatforms) = preSolution
		Debug|Any CPU = Debug|Any CPU
		Release|Any CPU = Release|Any CPU
	EndGlobalSection
	GlobalSection(ProjectConfigurationPlatforms) = postSolution
		{48591BA9-F47E-4F78-A1EA-A675F7DE4147}.Debug|Any CPU.ActiveCfg = Debug|Any CPU
		{48591BA9-F47E-4F78-A1EA-A675F7DE4147}.Debug|Any CPU.Build.0 = Debug|Any CPU
		{48591BA9-F47E-4F78-A1EA-A675F7DE4147}.Release|Any CPU.ActiveCfg = Release|Any CPU
		{48591BA9-F47E-4F78-A1EA-A675F7DE4147}.Release|Any CPU.Build.0 = Release|Any CPU
	EndGlobalSection
	GlobalSection(SolutionProperties) = preSolution
		HideSolutionNode = FALSE
	EndGlobalSection
	GlobalSection(ExtensibilityGlobals) = postSolution
		SolutionGuid = {BFABA239-B9CF-44DF-AF20-4C6576F1F108}
	EndGlobalSection
EndGlobal
